
Microsoft Visual Studio Solution File, Format Version 12.00
# Visual Studio Version 17
VisualStudioVersion = 17.5.33530.505
MinimumVisualStudioVersion = 10.0.40219.1
Project("{8BC9CEB8-8B4A-11D0-8D11-00A0C91BC942}") = "snakeByMethods", "snakeByMethods.vcxproj", "{CE000BD8-8DB5-4052-B3F7-5A767982E99E}"
EndProject
Global
	GlobalSection(SolutionConfigurationPlatforms) = preSolution
		Debug|x64 = Debug|x64
		Debug|x86 = Debug|x86
		Release|x64 = Release|x64
		Release|x86 = Release|x86
	EndGlobalSection
	GlobalSection(ProjectConfigurationPlatforms) = postSolution
		{CE000BD8-8DB5-4052-B3F7-5A767982E99E}.Debug|x64.ActiveCfg = Debug|x64
		{CE000BD8-8DB5-4052-B3F7-5A767982E99E}.Debug|x64.Build.0 = Debug|x64
		{CE000BD8-8DB5-4052-B3F7-5A767982E99E}.Debug|x86.ActiveCfg = Debug|Win32
		{CE000BD8-8DB5-4052-B3F7-5A767982E99E}.Debug|x86.Build.0 = Debug|Win32
		{CE000BD8-8DB5-4052-B3F7-5A767982E99E}.Release|x64.ActiveCfg = Release|x64
		{CE000BD8-8DB5-4052-B3F7-5A767982E99E}.Release|x64.Build.0 = Release|x64
		{CE000BD8-8DB5-4052-B3F7-5A767982E99E}.Release|x86.ActiveCfg = Release|Win32
		{CE000BD8-8DB5-4052-B3F7-5A767982E99E}.Release|x86.Build.0 = Release|Win32
	EndGlobalSection
	GlobalSection(SolutionProperties) = preSolution
		HideSolutionNode = FALSE
	EndGlobalSection
	GlobalSection(ExtensibilityGlobals) = postSolution
		SolutionGuid = {C2BB89B1-CE96-4EAA-8B63-FA009D6D4FB9}
	EndGlobalSection
EndGlobal
